
Microsoft Visual Studio Solution File, Format Version 12.00
# Visual Studio Version 17
VisualStudioVersion = 17.5.002.0
MinimumVisualStudioVersion = 10.0.40219.1
Project("{9A19103F-16F7-4668-BE54-9A1E7A4F7556}") = "api", "api\api.csproj", "{72E51C62-C3E2-49E6-BCA3-8B8EACD6458B}"
EndProject
Global
	GlobalSection(SolutionConfigurationPlatforms) = preSolution
		Debug|Any CPU = Debug|Any CPU
		Release|Any CPU = Release|Any CPU
	EndGlobalSection
	GlobalSection(ProjectConfigurationPlatforms) = postSolution
		{72E51C62-C3E2-49E6-BCA3-8B8EACD6458B}.Debug|Any CPU.ActiveCfg = Debug|Any CPU
		{72E51C62-C3E2-49E6-BCA3-8B8EACD6458B}.Debug|Any CPU.Build.0 = Debug|Any CPU
		{72E51C62-C3E2-49E6-BCA3-8B8EACD6458B}.Release|Any CPU.ActiveCfg = Release|Any CPU
		{72E51C62-C3E2-49E6-BCA3-8B8EACD6458B}.Release|Any CPU.Build.0 = Release|Any CPU
	EndGlobalSection
	GlobalSection(SolutionProperties) = preSolution
		HideSolutionNode = FALSE
	EndGlobalSection
	GlobalSection(ExtensibilityGlobals) = postSolution
		SolutionGuid = {65EE63BF-A1AB-469C-87E4-54CB569AC1AE}
	EndGlobalSection
EndGlobal
